// !$*UTF8*$!
{
	archiveVersion = 1;
	classes = {
	};
	objectVersion = 77;
	objects = {

/* Begin PBXBuildFile section */
		B55B26DC3054331600C1DBE2 /* EspressoBLE in Frameworks */ = {isa = PBXBuildFile; productRef = B55B26DB3054331600C1DBE2 /* EspressoBLE */; };
		B5996445304F462100341BC9 /* MeticulousProfile in Frameworks */ = {isa = PBXBuildFile; productRef = B5996444304F462100341BC9 /* MeticulousProfile */; };
		B5B10100304A37E900F70661 /* MeticulousProfile in Frameworks */ = {isa = PBXBuildFile; productRef = B5B100FF304A37E900F70661 /* MeticulousProfile */; };
/* End PBXBuildFile section */

/* Begin PBXContainerItemProxy section */
		B599643B304F42DF00341BC9 /* PBXContainerItemProxy */ = {
			isa = PBXContainerItemProxy;
			containerPortal = B5B100D6304A370300F70661 /* Project object */;
			proxyType = 1;
			remoteGlobalIDString = B5B100DD304A370300F70661;
			remoteInfo = LeverPilot;
		};
/* End PBXContainerItemProxy section */

/* Begin PBXFileReference section */
		B5422DA3306027A600AD56EF /* ADR-009-BLEFaultTolerance-TelemetryContinuity.md */ = {isa = PBXFileReference; lastKnownFileType = net.daringfireball.markdown; path = "ADR-009-BLEFaultTolerance-TelemetryContinuity.md"; sourceTree = "<group>"; };
		B54B756F3058A44E00437672 /* ADR-006-ConsoleNavigation.md */ = {isa = PBXFileReference; lastKnownFileType = net.daringfireball.markdown; path = "ADR-006-ConsoleNavigation.md"; sourceTree = "<group>"; };
		B57F2C6C3052D2B1009DBA78 /* ADR-001-ProfileValueSemantics.md */ = {isa = PBXFileReference; lastKnownFileType = net.daringfireball.markdown; path = "ADR-001-ProfileValueSemantics.md"; sourceTree = "<group>"; };
		B57F2C6D3052D2B1009DBA78 /* ADR-002-TelemetryStreaming.md */ = {isa = PBXFileReference; lastKnownFileType = net.daringfireball.markdown; path = "ADR-002-TelemetryStreaming.md"; sourceTree = "<group>"; };
		B57F2C6E3052D2B1009DBA78 /* ADR-003-OEPFSpecCompliance.md */ = {isa = PBXFileReference; lastKnownFileType = net.daringfireball.markdown; path = "ADR-003-OEPFSpecCompliance.md"; sourceTree = "<group>"; };
		B57F2C6F3052D2B1009DBA78 /* ADR-004-SignalConditioning-LeverPhysics.md */ = {isa = PBXFileReference; lastKnownFileType = net.daringfireball.markdown; path = "ADR-004-SignalConditioning-LeverPhysics.md"; sourceTree = "<group>"; };
		B57F2C713052D2B1009DBA78 /* ARCHITECTURE.md */ = {isa = PBXFileReference; lastKnownFileType = net.daringfireball.markdown; path = ARCHITECTURE.md; sourceTree = "<group>"; };
		B57F2C723052D2B1009DBA78 /* COMPLIANCE_OEPF.md */ = {isa = PBXFileReference; lastKnownFileType = net.daringfireball.markdown; path = COMPLIANCE_OEPF.md; sourceTree = "<group>"; };
		B57F2C733052D2B1009DBA78 /* GLOSSARY.md */ = {isa = PBXFileReference; lastKnownFileType = net.daringfireball.markdown; path = GLOSSARY.md; sourceTree = "<group>"; };
		B57F9DAC30532AC10057BAF1 /* ADR-005-FiniteStateMachine.md */ = {isa = PBXFileReference; lastKnownFileType = net.daringfireball.markdown; path = "ADR-005-FiniteStateMachine.md"; sourceTree = "<group>"; };
		B57FD03F305F2630001FECFB /* ADR-007-BeanconquerorHandoff.md */ = {isa = PBXFileReference; lastKnownFileType = net.daringfireball.markdown; path = "ADR-007-BeanconquerorHandoff.md"; sourceTree = "<group>"; };
		B57FD040305F2699001FECFB /* ADR-008-SettingsAndInvariantBoundaries.md */ = {isa = PBXFileReference; lastKnownFileType = net.daringfireball.markdown; path = "ADR-008-SettingsAndInvariantBoundaries.md"; sourceTree = "<group>"; };
		B5996437304F42DF00341BC9 /* LeverPilotTests.xctest */ = {isa = PBXFileReference; explicitFileType = wrapper.cfbundle; includeInIndex = 0; path = LeverPilotTests.xctest; sourceTree = BUILT_PRODUCTS_DIR; };
		B5996446304F4B9200341BC9 /* LeverPilot.xctestplan */ = {isa = PBXFileReference; lastKnownFileType = text; path = LeverPilot.xctestplan; sourceTree = "<group>"; };
		B5B100DE304A370300F70661 /* LeverPilot.app */ = {isa = PBXFileReference; explicitFileType = wrapper.application; includeInIndex = 0; path = LeverPilot.app; sourceTree = BUILT_PRODUCTS_DIR; };
/* End PBXFileReference section */

/* Begin PBXFileSystemSynchronizedBuildFileExceptionSet section */
		B5028B5C30637E5700E85943 /* Exceptions for "LeverPilot" folder in "LeverPilot" target */ = {
			isa = PBXFileSystemSynchronizedBuildFileExceptionSet;
			membershipExceptions = (
				Info.plist,
			);
			target = B5B100DD304A370300F70661 /* LeverPilot */;
		};
		B57F9D403052F9850057BAF1 /* Exceptions for "meticulous" folder in "LeverPilot" target */ = {
			isa = PBXFileSystemSynchronizedBuildFileExceptionSet;
			membershipExceptions = (
				"espresso-profile-schema/example_profile.json",
				"espresso-profile-schema/README.md",
				"espresso-profile-schema/rfc.md",
				"espresso-profile-schema/schema.json",
			);
			target = B5B100DD304A370300F70661 /* LeverPilot */;
		};
/* End PBXFileSystemSynchronizedBuildFileExceptionSet section */

/* Begin PBXFileSystemSynchronizedRootGroup section */
		B5514B22304DB5D800494F6F /* LeverPilot */ = {
			isa = PBXFileSystemSynchronizedRootGroup;
			exceptions = (
				B5028B5C30637E5700E85943 /* Exceptions for "LeverPilot" folder in "LeverPilot" target */,
			);
			path = LeverPilot;
			sourceTree = "<group>";
		};
		B57F2CCE3052D86A009DBA78 /* meticulous */ = {
			isa = PBXFileSystemSynchronizedRootGroup;
			exceptions = (
				B57F9D403052F9850057BAF1 /* Exceptions for "meticulous" folder in "LeverPilot" target */,
			);
			path = meticulous;
			sourceTree = "<group>";
		};
		B5996438304F42DF00341BC9 /* LeverPilotTests */ = {
			isa = PBXFileSystemSynchronizedRootGroup;
			path = LeverPilotTests;
			sourceTree = "<group>";
		};
/* End PBXFileSystemSynchronizedRootGroup section */

/* Begin PBXFrameworksBuildPhase section */
		B5996434304F42DF00341BC9 /* Frameworks */ = {
			isa = PBXFrameworksBuildPhase;
			buildActionMask = 2147483647;
			files = (
				B5996445304F462100341BC9 /* MeticulousProfile in Frameworks */,
			);
			runOnlyForDeploymentPostprocessing = 0;
		};
		B5B100DB304A370300F70661 /* Frameworks */ = {
			isa = PBXFrameworksBuildPhase;
			buildActionMask = 2147483647;
			files = (
				B55B26DC3054331600C1DBE2 /* EspressoBLE in Frameworks */,
				B5B10100304A37E900F70661 /* MeticulousProfile in Frameworks */,
			);
			runOnlyForDeploymentPostprocessing = 0;
		};
/* End PBXFrameworksBuildPhase section */

/* Begin PBXGroup section */
		B57F2C703052D2B1009DBA78 /* ADR */ = {
			isa = PBXGroup;
			children = (
				B5422DA3306027A600AD56EF /* ADR-009-BLEFaultTolerance-TelemetryContinuity.md */,
				B57FD040305F2699001FECFB /* ADR-008-SettingsAndInvariantBoundaries.md */,
				B57FD03F305F2630001FECFB /* ADR-007-BeanconquerorHandoff.md */,
				B54B756F3058A44E00437672 /* ADR-006-ConsoleNavigation.md */,
				B57F2C6C3052D2B1009DBA78 /* ADR-001-ProfileValueSemantics.md */,
				B57F2C6D3052D2B1009DBA78 /* ADR-002-TelemetryStreaming.md */,
				B57F2C6E3052D2B1009DBA78 /* ADR-003-OEPFSpecCompliance.md */,
				B57F2C6F3052D2B1009DBA78 /* ADR-004-SignalConditioning-LeverPhysics.md */,
				B57F9DAC30532AC10057BAF1 /* ADR-005-FiniteStateMachine.md */,
			);
			path = ADR;
			sourceTree = "<group>";
		};
		B57F2C743052D2B1009DBA78 /* Docs */ = {
			isa = PBXGroup;
			children = (
				B57F2CCE3052D86A009DBA78 /* meticulous */,
				B57F2C703052D2B1009DBA78 /* ADR */,
				B57F2C713052D2B1009DBA78 /* ARCHITECTURE.md */,
				B57F2C723052D2B1009DBA78 /* COMPLIANCE_OEPF.md */,
				B57F2C733052D2B1009DBA78 /* GLOSSARY.md */,
			);
			path = Docs;
			sourceTree = "<group>";
		};
		B5996443304F462100341BC9 /* Frameworks */ = {
			isa = PBXGroup;
			children = (
			);
			name = Frameworks;
			sourceTree = "<group>";
		};
		B5B100D5304A370300F70661 = {
			isa = PBXGroup;
			children = (
				B5996446304F4B9200341BC9 /* LeverPilot.xctestplan */,
				B57F2C743052D2B1009DBA78 /* Docs */,
				B5996438304F42DF00341BC9 /* LeverPilotTests */,
				B5B100DF304A370300F70661 /* Products */,
				B5514B22304DB5D800494F6F /* LeverPilot */,
				B5996443304F462100341BC9 /* Frameworks */,
			);
			sourceTree = "<group>";
		};
		B5B100DF304A370300F70661 /* Products */ = {
			isa = PBXGroup;
			children = (
				B5B100DE304A370300F70661 /* LeverPilot.app */,
				B5996437304F42DF00341BC9 /* LeverPilotTests.xctest */,
			);
			name = Products;
			sourceTree = "<group>";
		};
/* End PBXGroup section */

/* Begin PBXNativeTarget section */
		B5996436304F42DF00341BC9 /* LeverPilotTests */ = {
			isa = PBXNativeTarget;
			buildConfigurationList = B599643D304F42DF00341BC9 /* Build configuration list for PBXNativeTarget "LeverPilotTests" */;
			buildPhases = (
				B5996433304F42DF00341BC9 /* Sources */,
				B5996434304F42DF00341BC9 /* Frameworks */,
				B5996435304F42DF00341BC9 /* Resources */,
			);
			buildRules = (
			);
			dependencies = (
				B599643C304F42DF00341BC9 /* PBXTargetDependency */,
			);
			fileSystemSynchronizedGroups = (
				B5996438304F42DF00341BC9 /* LeverPilotTests */,
			);
			name = LeverPilotTests;
			packageProductDependencies = (
				B5996444304F462100341BC9 /* MeticulousProfile */,
			);
			productName = LeverPilotTests;
			productReference = B5996437304F42DF00341BC9 /* LeverPilotTests.xctest */;
			productType = "com.apple.product-type.bundle.unit-test";
		};
		B5B100DD304A370300F70661 /* LeverPilot */ = {
			isa = PBXNativeTarget;
			buildConfigurationList = B5B100E9304A370400F70661 /* Build configuration list for PBXNativeTarget "LeverPilot" */;
			buildPhases = (
				B5B100DA304A370300F70661 /* Sources */,
				B5B100DB304A370300F70661 /* Frameworks */,
				B5B100DC304A370300F70661 /* Resources */,
			);
			buildRules = (
			);
			dependencies = (
			);
			fileSystemSynchronizedGroups = (
				B5514B22304DB5D800494F6F /* LeverPilot */,
				B57F2CCE3052D86A009DBA78 /* meticulous */,
			);
			name = LeverPilot;
			packageProductDependencies = (
				B5B100FF304A37E900F70661 /* MeticulousProfile */,
				B55B26DB3054331600C1DBE2 /* EspressoBLE */,
			);
			productName = LeverPilot;
			productReference = B5B100DE304A370300F70661 /* LeverPilot.app */;
			productType = "com.apple.product-type.application";
		};
/* End PBXNativeTarget section */

/* Begin PBXProject section */
		B5B100D6304A370300F70661 /* Project object */ = {
			isa = PBXProject;
			attributes = {
				BuildIndependentTargetsInParallel = 1;
				LastSwiftUpdateCheck = 2650;
				LastUpgradeCheck = 2700;
				TargetAttributes = {
					B5996436304F42DF00341BC9 = {
						CreatedOnToolsVersion = 26.5;
						TestTargetID = B5B100DD304A370300F70661;
					};
					B5B100DD304A370300F70661 = {
						CreatedOnToolsVersion = 26.5;
					};
				};
			};
			buildConfigurationList = B5B100D9304A370300F70661 /* Build configuration list for PBXProject "LeverPilot" */;
			developmentRegion = en;
			hasScannedForEncodings = 0;
			knownRegions = (
				en,
				Base,
			);
			mainGroup = B5B100D5304A370300F70661;
			minimizedProjectReferenceProxies = 1;
			packageReferences = (
				B5B100FE304A37E900F70661 /* XCLocalSwiftPackageReference "../MeticulousProfile" */,
				B57F9F5C30542FED0057BAF1 /* XCLocalSwiftPackageReference "../EspressoBLE" */,
			);
			preferredProjectObjectVersion = 77;
			productRefGroup = B5B100DF304A370300F70661 /* Products */;
			projectDirPath = "";
			projectRoot = "";
			targets = (
				B5B100DD304A370300F70661 /* LeverPilot */,
				B5996436304F42DF00341BC9 /* LeverPilotTests */,
			);
		};
/* End PBXProject section */

/* Begin PBXResourcesBuildPhase section */
		B5996435304F42DF00341BC9 /* Resources */ = {
			isa = PBXResourcesBuildPhase;
			buildActionMask = 2147483647;
			files = (
			);
			runOnlyForDeploymentPostprocessing = 0;
		};
		B5B100DC304A370300F70661 /* Resources */ = {
			isa = PBXResourcesBuildPhase;
			buildActionMask = 2147483647;
			files = (
			);
			runOnlyForDeploymentPostprocessing = 0;
		};
/* End PBXResourcesBuildPhase section */

/* Begin PBXSourcesBuildPhase section */
		B5996433304F42DF00341BC9 /* Sources */ = {
			isa = PBXSourcesBuildPhase;
			buildActionMask = 2147483647;
			files = (
			);
			runOnlyForDeploymentPostprocessing = 0;
		};
		B5B100DA304A370300F70661 /* Sources */ = {
			isa = PBXSourcesBuildPhase;
			buildActionMask = 2147483647;
			files = (
			);
			runOnlyForDeploymentPostprocessing = 0;
		};
/* End PBXSourcesBuildPhase section */

/* Begin PBXTargetDependency section */
		B599643C304F42DF00341BC9 /* PBXTargetDependency */ = {
			isa = PBXTargetDependency;
			platformFilters = (
				macos,
				xros,
			);
			target = B5B100DD304A370300F70661 /* LeverPilot */;
			targetProxy = B599643B304F42DF00341BC9 /* PBXContainerItemProxy */;
		};
/* End PBXTargetDependency section */

/* Begin XCBuildConfiguration section */
		B599643E304F42DF00341BC9 /* Debug */ = {
			isa = XCBuildConfiguration;
			buildSettings = {
				BUNDLE_LOADER = "$(TEST_HOST)";
				CODE_SIGN_STYLE = Automatic;
				CURRENT_PROJECT_VERSION = 1;
				DEVELOPMENT_TEAM = Y5BFSKQ6PK;
				ENABLE_APP_SANDBOX = YES;
				ENABLE_HARDENED_RUNTIME = YES;
				ENABLE_OUTGOING_NETWORK_CONNECTIONS = YES;
				GENERATE_INFOPLIST_FILE = YES;
				MARKETING_VERSION = 1.0;
				PRODUCT_BUNDLE_IDENTIFIER = com.brself.LeverPilotTests;
				PRODUCT_NAME = "$(TARGET_NAME)";
				REGISTER_APP_GROUPS = YES;
				SDKROOT = xros;
				STRING_CATALOG_GENERATE_SYMBOLS = NO;
				SUPPORTED_PLATFORMS = macosx;
				SUPPORTS_MACCATALYST = NO;
				SWIFT_APPROACHABLE_CONCURRENCY = YES;
				SWIFT_EMIT_LOC_STRINGS = NO;
				SWIFT_UPCOMING_FEATURE_MEMBER_IMPORT_VISIBILITY = YES;
				SWIFT_VERSION = 5.0;
				TEST_HOST = "$(BUILT_PRODUCTS_DIR)/LeverPilot.app/$(BUNDLE_EXECUTABLE_FOLDER_PATH)/LeverPilot";
				XROS_DEPLOYMENT_TARGET = 26.5;
			};
			name = Debug;
		};
		B599643F304F42DF00341BC9 /* Release */ = {
			isa = XCBuildConfiguration;
			buildSettings = {
				BUNDLE_LOADER = "$(TEST_HOST)";
				CODE_SIGN_STYLE = Automatic;
				CURRENT_PROJECT_VERSION = 1;
				DEVELOPMENT_TEAM = Y5BFSKQ6PK;
				GENERATE_INFOPLIST_FILE = YES;
				MARKETING_VERSION = 1.0;
				PRODUCT_BUNDLE_IDENTIFIER = com.brself.LeverPilotTests;
				PRODUCT_NAME = "$(TARGET_NAME)";
				SDKROOT = xros;
				STRING_CATALOG_GENERATE_SYMBOLS = NO;
				SUPPORTED_PLATFORMS = macosx;
				SUPPORTS_MACCATALYST = NO;
				SWIFT_APPROACHABLE_CONCURRENCY = YES;
				SWIFT_EMIT_LOC_STRINGS = NO;
				SWIFT_UPCOMING_FEATURE_MEMBER_IMPORT_VISIBILITY = YES;
				SWIFT_VERSION = 5.0;
				TEST_HOST = "$(BUILT_PRODUCTS_DIR)/LeverPilot.app/$(BUNDLE_EXECUTABLE_FOLDER_PATH)/LeverPilot";
				VALIDATE_PRODUCT = YES;
				XROS_DEPLOYMENT_TARGET = 26.5;
			};
			name = Release;
		};
		B5B100E7304A370400F70661 /* Debug */ = {
			isa = XCBuildConfiguration;
			buildSettings = {
				ALWAYS_SEARCH_USER_PATHS = NO;
				ASSETCATALOG_COMPILER_GENERATE_SWIFT_ASSET_SYMBOL_EXTENSIONS = YES;
				CLANG_ANALYZER_NONNULL = YES;
				CLANG_ANALYZER_NUMBER_OBJECT_CONVERSION = YES_AGGRESSIVE;
				CLANG_CXX_LANGUAGE_STANDARD = "gnu++20";
				CLANG_ENABLE_MODULES = YES;
				CLANG_ENABLE_OBJC_ARC = YES;
				CLANG_ENABLE_OBJC_WEAK = YES;
				CLANG_WARN_BLOCK_CAPTURE_AUTORELEASING = YES;
				CLANG_WARN_BOOL_CONVERSION = YES;
				CLANG_WARN_COMMA = YES;
				CLANG_WARN_CONSTANT_CONVERSION = YES;
				CLANG_WARN_DEPRECATED_OBJC_IMPLEMENTATIONS = YES;
				CLANG_WARN_DIRECT_OBJC_ISA_USAGE = YES_ERROR;
				CLANG_WARN_DOCUMENTATION_COMMENTS = YES;
				CLANG_WARN_EMPTY_BODY = YES;
				CLANG_WARN_ENUM_CONVERSION = YES;
				CLANG_WARN_INFINITE_RECURSION = YES;
				CLANG_WARN_INT_CONVERSION = YES;
				CLANG_WARN_NON_LITERAL_NULL_CONVERSION = YES;
				CLANG_WARN_OBJC_IMPLICIT_RETAIN_SELF = YES;
				CLANG_WARN_OBJC_LITERAL_CONVERSION = YES;
				CLANG_WARN_OBJC_ROOT_CLASS = YES_ERROR;
				CLANG_WARN_QUOTED_INCLUDE_IN_FRAMEWORK_HEADER = YES;
				CLANG_WARN_RANGE_LOOP_ANALYSIS = YES;
				CLANG_WARN_STRICT_PROTOTYPES = YES;
				CLANG_WARN_SUSPICIOUS_MOVE = YES;
				CLANG_WARN_UNGUARDED_AVAILABILITY = YES_AGGRESSIVE;
				CLANG_WARN_UNREACHABLE_CODE = YES;
				CLANG_WARN__DUPLICATE_METHOD_MATCH = YES;
				COPY_PHASE_STRIP = NO;
				DEAD_CODE_STRIPPING = YES;
				DEBUG_INFORMATION_FORMAT = dwarf;
				DEVELOPMENT_TEAM = Y5BFSKQ6PK;
				ENABLE_STRICT_OBJC_MSGSEND = YES;
				ENABLE_TESTABILITY = YES;
				ENABLE_USER_SCRIPT_SANDBOXING = YES;
				GCC_C_LANGUAGE_STANDARD = gnu17;
				GCC_DYNAMIC_NO_PIC = NO;
				GCC_NO_COMMON_BLOCKS = YES;
				GCC_OPTIMIZATION_LEVEL = 0;
				GCC_PREPROCESSOR_DEFINITIONS = (
					"DEBUG=1",
					"$(inherited)",
				);
				GCC_WARN_64_TO_32_BIT_CONVERSION = YES;
				GCC_WARN_ABOUT_RETURN_TYPE = YES_ERROR;
				GCC_WARN_UNDECLARED_SELECTOR = YES;
				GCC_WARN_UNINITIALIZED_AUTOS = YES_AGGRESSIVE;
				GCC_WARN_UNUSED_FUNCTION = YES;
				GCC_WARN_UNUSED_VARIABLE = YES;
				LOCALIZATION_PREFERS_STRING_CATALOGS = YES;
				MTL_ENABLE_DEBUG_INFO = INCLUDE_SOURCE;
				MTL_FAST_MATH = YES;
				ONLY_ACTIVE_ARCH = YES;
				STRING_CATALOG_GENERATE_SYMBOLS = YES;
				SWIFT_ACTIVE_COMPILATION_CONDITIONS = "DEBUG $(inherited)";
				SWIFT_OPTIMIZATION_LEVEL = "-Onone";
			};
			name = Debug;
		};
		B5B100E8304A370400F70661 /* Release */ = {
			isa = XCBuildConfiguration;
			buildSettings = {
				ALWAYS_SEARCH_USER_PATHS = NO;
				ASSETCATALOG_COMPILER_GENERATE_SWIFT_ASSET_SYMBOL_EXTENSIONS = YES;
				CLANG_ANALYZER_NONNULL = YES;
				CLANG_ANALYZER_NUMBER_OBJECT_CONVERSION = YES_AGGRESSIVE;
				CLANG_CXX_LANGUAGE_STANDARD = "gnu++20";
				CLANG_ENABLE_MODULES = YES;
				CLANG_ENABLE_OBJC_ARC = YES;
				CLANG_ENABLE_OBJC_WEAK = YES;
				CLANG_WARN_BLOCK_CAPTURE_AUTORELEASING = YES;
				CLANG_WARN_BOOL_CONVERSION = YES;
				CLANG_WARN_COMMA = YES;
				CLANG_WARN_CONSTANT_CONVERSION = YES;
				CLANG_WARN_DEPRECATED_OBJC_IMPLEMENTATIONS = YES;
				CLANG_WARN_DIRECT_OBJC_ISA_USAGE = YES_ERROR;
				CLANG_WARN_DOCUMENTATION_COMMENTS = YES;
				CLANG_WARN_EMPTY_BODY = YES;
				CLANG_WARN_ENUM_CONVERSION = YES;
				CLANG_WARN_INFINITE_RECURSION = YES;
				CLANG_WARN_INT_CONVERSION = YES;
				CLANG_WARN_NON_LITERAL_NULL_CONVERSION = YES;
				CLANG_WARN_OBJC_IMPLICIT_RETAIN_SELF = YES;
				CLANG_WARN_OBJC_LITERAL_CONVERSION = YES;
				CLANG_WARN_OBJC_ROOT_CLASS = YES_ERROR;
				CLANG_WARN_QUOTED_INCLUDE_IN_FRAMEWORK_HEADER = YES;
				CLANG_WARN_RANGE_LOOP_ANALYSIS = YES;
				CLANG_WARN_STRICT_PROTOTYPES = YES;
				CLANG_WARN_SUSPICIOUS_MOVE = YES;
				CLANG_WARN_UNGUARDED_AVAILABILITY = YES_AGGRESSIVE;
				CLANG_WARN_UNREACHABLE_CODE = YES;
				CLANG_WARN__DUPLICATE_METHOD_MATCH = YES;
				COPY_PHASE_STRIP = NO;
				DEAD_CODE_STRIPPING = YES;
				DEBUG_INFORMATION_FORMAT = "dwarf-with-dsym";
				DEVELOPMENT_TEAM = Y5BFSKQ6PK;
				ENABLE_NS_ASSERTIONS = NO;
				ENABLE_STRICT_OBJC_MSGSEND = YES;
				ENABLE_USER_SCRIPT_SANDBOXING = YES;
				GCC_C_LANGUAGE_STANDARD = gnu17;
				GCC_NO_COMMON_BLOCKS = YES;
				GCC_WARN_64_TO_32_BIT_CONVERSION = YES;
				GCC_WARN_ABOUT_RETURN_TYPE = YES_ERROR;
				GCC_WARN_UNDECLARED_SELECTOR = YES;
				GCC_WARN_UNINITIALIZED_AUTOS = YES_AGGRESSIVE;
				GCC_WARN_UNUSED_FUNCTION = YES;
				GCC_WARN_UNUSED_VARIABLE = YES;
				LOCALIZATION_PREFERS_STRING_CATALOGS = YES;
				MTL_ENABLE_DEBUG_INFO = NO;
				MTL_FAST_MATH = YES;
				STRING_CATALOG_GENERATE_SYMBOLS = YES;
				SWIFT_COMPILATION_MODE = wholemodule;
			};
			name = Release;
		};
		B5B100EA304A370400F70661 /* Debug */ = {
			isa = XCBuildConfiguration;
			buildSettings = {
				ASSETCATALOG_COMPILER_APPICON_NAME = AppIcon;
				ASSETCATALOG_COMPILER_GLOBAL_ACCENT_COLOR_NAME = AccentColor;
				CODE_SIGN_STYLE = Automatic;
				CURRENT_PROJECT_VERSION = 1;
				DEAD_CODE_STRIPPING = YES;
				DEVELOPMENT_TEAM = Y5BFSKQ6PK;
				ENABLE_APP_SANDBOX = YES;
				ENABLE_HARDENED_RUNTIME = YES;
				ENABLE_INCOMING_NETWORK_CONNECTIONS = YES;
				ENABLE_OUTGOING_NETWORK_CONNECTIONS = NO;
				ENABLE_PREVIEWS = YES;
				ENABLE_RESOURCE_ACCESS_AUDIO_INPUT = NO;
				ENABLE_RESOURCE_ACCESS_BLUETOOTH = YES;
				ENABLE_RESOURCE_ACCESS_CALENDARS = NO;
				ENABLE_RESOURCE_ACCESS_CAMERA = NO;
				ENABLE_RESOURCE_ACCESS_CONTACTS = NO;
				ENABLE_RESOURCE_ACCESS_LOCATION = NO;
				ENABLE_RESOURCE_ACCESS_PRINTING = NO;
				ENABLE_RESOURCE_ACCESS_USB = NO;
				ENABLE_USER_SELECTED_FILES = readonly;
				GENERATE_INFOPLIST_FILE = YES;
				INFOPLIST_FILE = LeverPilot/Info.plist;
				INFOPLIST_KEY_CFBundleDisplayName = LeverPilot;
				INFOPLIST_KEY_LSSupportsOpeningDocumentsInPlace = YES;
				INFOPLIST_KEY_NSBluetoothAlwaysUsageDescription = "LeverPilot needs Bluetooth to connect to your coffee scale and pressure gauge.";
				"INFOPLIST_KEY_UIApplicationSceneManifest_Generation[sdk=iphoneos*]" = YES;
				"INFOPLIST_KEY_UIApplicationSceneManifest_Generation[sdk=iphonesimulator*]" = YES;
				"INFOPLIST_KEY_UIApplicationSupportsIndirectInputEvents[sdk=iphoneos*]" = YES;
				"INFOPLIST_KEY_UIApplicationSupportsIndirectInputEvents[sdk=iphonesimulator*]" = YES;
				"INFOPLIST_KEY_UILaunchScreen_Generation[sdk=iphoneos*]" = YES;
				"INFOPLIST_KEY_UILaunchScreen_Generation[sdk=iphonesimulator*]" = YES;
				"INFOPLIST_KEY_UIStatusBarStyle[sdk=iphoneos*]" = UIStatusBarStyleDefault;
				"INFOPLIST_KEY_UIStatusBarStyle[sdk=iphonesimulator*]" = UIStatusBarStyleDefault;
				INFOPLIST_KEY_UISupportedInterfaceOrientations_iPad = "UIInterfaceOrientationPortrait UIInterfaceOrientationPortraitUpsideDown UIInterfaceOrientationLandscapeLeft UIInterfaceOrientationLandscapeRight";
				INFOPLIST_KEY_UISupportedInterfaceOrientations_iPhone = "UIInterfaceOrientationPortrait UIInterfaceOrientationLandscapeLeft UIInterfaceOrientationLandscapeRight";
				IPHONEOS_DEPLOYMENT_TARGET = 26.5;
				LD_RUNPATH_SEARCH_PATHS = "@executable_path/Frameworks";
				"LD_RUNPATH_SEARCH_PATHS[sdk=macosx*]" = "@executable_path/../Frameworks";
				MACOSX_DEPLOYMENT_TARGET = 26.5;
				MARKETING_VERSION = 1.0;
				PRODUCT_BUNDLE_IDENTIFIER = com.brself.LeverPilot;
				PRODUCT_NAME = "$(TARGET_NAME)";
				REGISTER_APP_GROUPS = YES;
				SDKROOT = auto;
				STRING_CATALOG_GENERATE_SYMBOLS = YES;
				SUPPORTED_PLATFORMS = "iphoneos iphonesimulator macosx";
				SUPPORTS_MACCATALYST = NO;
				SWIFT_APPROACHABLE_CONCURRENCY = YES;
				SWIFT_DEFAULT_ACTOR_ISOLATION = MainActor;
				SWIFT_EMIT_LOC_STRINGS = YES;
				SWIFT_UPCOMING_FEATURE_MEMBER_IMPORT_VISIBILITY = YES;
				SWIFT_VERSION = 5.0;
				TARGETED_DEVICE_FAMILY = "1,2";
				XROS_DEPLOYMENT_TARGET = 26.5;
			};
			name = Debug;
		};
		B5B100EB304A370400F70661 /* Release */ = {
			isa = XCBuildConfiguration;
			buildSettings = {
				ASSETCATALOG_COMPILER_APPICON_NAME = AppIcon;
				ASSETCATALOG_COMPILER_GLOBAL_ACCENT_COLOR_NAME = AccentColor;
				CODE_SIGN_STYLE = Automatic;
				CURRENT_PROJECT_VERSION = 1;
				DEAD_CODE_STRIPPING = YES;
				DEVELOPMENT_TEAM = Y5BFSKQ6PK;
				ENABLE_APP_SANDBOX = YES;
				ENABLE_HARDENED_RUNTIME = YES;
				ENABLE_INCOMING_NETWORK_CONNECTIONS = YES;
				ENABLE_OUTGOING_NETWORK_CONNECTIONS = NO;
				ENABLE_PREVIEWS = YES;
				ENABLE_RESOURCE_ACCESS_AUDIO_INPUT = NO;
				ENABLE_RESOURCE_ACCESS_BLUETOOTH = YES;
				ENABLE_RESOURCE_ACCESS_CALENDARS = NO;
				ENABLE_RESOURCE_ACCESS_CAMERA = NO;
				ENABLE_RESOURCE_ACCESS_CONTACTS = NO;
				ENABLE_RESOURCE_ACCESS_LOCATION = NO;
				ENABLE_RESOURCE_ACCESS_PRINTING = NO;
				ENABLE_RESOURCE_ACCESS_USB = NO;
				ENABLE_USER_SELECTED_FILES = readonly;
				GENERATE_INFOPLIST_FILE = YES;
				INFOPLIST_FILE = LeverPilot/Info.plist;
				INFOPLIST_KEY_CFBundleDisplayName = LeverPilot;
				INFOPLIST_KEY_LSSupportsOpeningDocumentsInPlace = YES;
				INFOPLIST_KEY_NSBluetoothAlwaysUsageDescription = "LeverPilot needs Bluetooth to connect to your coffee scale and pressure gauge.";
				"INFOPLIST_KEY_UIApplicationSceneManifest_Generation[sdk=iphoneos*]" = YES;
				"INFOPLIST_KEY_UIApplicationSceneManifest_Generation[sdk=iphonesimulator*]" = YES;
				"INFOPLIST_KEY_UIApplicationSupportsIndirectInputEvents[sdk=iphoneos*]" = YES;
				"INFOPLIST_KEY_UIApplicationSupportsIndirectInputEvents[sdk=iphonesimulator*]" = YES;
				"INFOPLIST_KEY_UILaunchScreen_Generation[sdk=iphoneos*]" = YES;
				"INFOPLIST_KEY_UILaunchScreen_Generation[sdk=iphonesimulator*]" = YES;
				"INFOPLIST_KEY_UIStatusBarStyle[sdk=iphoneos*]" = UIStatusBarStyleDefault;
				"INFOPLIST_KEY_UIStatusBarStyle[sdk=iphonesimulator*]" = UIStatusBarStyleDefault;
				INFOPLIST_KEY_UISupportedInterfaceOrientations_iPad = "UIInterfaceOrientationPortrait UIInterfaceOrientationPortraitUpsideDown UIInterfaceOrientationLandscapeLeft UIInterfaceOrientationLandscapeRight";
				INFOPLIST_KEY_UISupportedInterfaceOrientations_iPhone = "UIInterfaceOrientationPortrait UIInterfaceOrientationLandscapeLeft UIInterfaceOrientationLandscapeRight";
				IPHONEOS_DEPLOYMENT_TARGET = 26.5;
				LD_RUNPATH_SEARCH_PATHS = "@executable_path/Frameworks";
				"LD_RUNPATH_SEARCH_PATHS[sdk=macosx*]" = "@executable_path/../Frameworks";
				MACOSX_DEPLOYMENT_TARGET = 26.5;
				MARKETING_VERSION = 1.0;
				PRODUCT_BUNDLE_IDENTIFIER = com.brself.LeverPilot;
				PRODUCT_NAME = "$(TARGET_NAME)";
				REGISTER_APP_GROUPS = YES;
				SDKROOT = auto;
				STRING_CATALOG_GENERATE_SYMBOLS = YES;
				SUPPORTED_PLATFORMS = "iphoneos iphonesimulator macosx";
				SUPPORTS_MACCATALYST = NO;
				SWIFT_APPROACHABLE_CONCURRENCY = YES;
				SWIFT_DEFAULT_ACTOR_ISOLATION = MainActor;
				SWIFT_EMIT_LOC_STRINGS = YES;
				SWIFT_UPCOMING_FEATURE_MEMBER_IMPORT_VISIBILITY = YES;
				SWIFT_VERSION = 5.0;
				TARGETED_DEVICE_FAMILY = "1,2";
				XROS_DEPLOYMENT_TARGET = 26.5;
			};
			name = Release;
		};
/* End XCBuildConfiguration section */

/* Begin XCConfigurationList section */
		B599643D304F42DF00341BC9 /* Build configuration list for PBXNativeTarget "LeverPilotTests" */ = {
			isa = XCConfigurationList;
			buildConfigurations = (
				B599643E304F42DF00341BC9 /* Debug */,
				B599643F304F42DF00341BC9 /* Release */,
			);
			defaultConfigurationIsVisible = 0;
			defaultConfigurationName = Release;
		};
		B5B100D9304A370300F70661 /* Build configuration list for PBXProject "LeverPilot" */ = {
			isa = XCConfigurationList;
			buildConfigurations = (
				B5B100E7304A370400F70661 /* Debug */,
				B5B100E8304A370400F70661 /* Release */,
			);
			defaultConfigurationIsVisible = 0;
			defaultConfigurationName = Release;
		};
		B5B100E9304A370400F70661 /* Build configuration list for PBXNativeTarget "LeverPilot" */ = {
			isa = XCConfigurationList;
			buildConfigurations = (
				B5B100EA304A370400F70661 /* Debug */,
				B5B100EB304A370400F70661 /* Release */,
			);
			defaultConfigurationIsVisible = 0;
			defaultConfigurationName = Release;
		};
/* End XCConfigurationList section */

/* Begin XCLocalSwiftPackageReference section */
		B57F9F5C30542FED0057BAF1 /* XCLocalSwiftPackageReference "../EspressoBLE" */ = {
			isa = XCLocalSwiftPackageReference;
			relativePath = ../EspressoBLE;
		};
		B5B100FE304A37E900F70661 /* XCLocalSwiftPackageReference "../MeticulousProfile" */ = {
			isa = XCLocalSwiftPackageReference;
			relativePath = ../MeticulousProfile;
		};
/* End XCLocalSwiftPackageReference section */

/* Begin XCSwiftPackageProductDependency section */
		B55B26DB3054331600C1DBE2 /* EspressoBLE */ = {
			isa = XCSwiftPackageProductDependency;
			package = B57F9F5C30542FED0057BAF1 /* XCLocalSwiftPackageReference "../EspressoBLE" */;
			productName = EspressoBLE;
		};
		B5996444304F462100341BC9 /* MeticulousProfile */ = {
			isa = XCSwiftPackageProductDependency;
			package = B5B100FE304A37E900F70661 /* XCLocalSwiftPackageReference "../MeticulousProfile" */;
			productName = MeticulousProfile;
		};
		B5B100FF304A37E900F70661 /* MeticulousProfile */ = {
			isa = XCSwiftPackageProductDependency;
			productName = MeticulousProfile;
		};
/* End XCSwiftPackageProductDependency section */
	};
	rootObject = B5B100D6304A370300F70661 /* Project object */;
}
